# Production dependency lock, resolved 2026-08-27. Re-audit on every update.
num2words==0.5.14
Django==5.2.17
django-environ==0.14.0
python-dotenv==1.2.3
dj-database-url==3.1.2
whitenoise==6.12.0
django-jazzmin==3.0.5
reportlab==5.0.1
weasyprint==69.0
django-tinymce==5.0.0
celery==5.6.3
billiard==4.2.4
click==8.5.0
vine==5.1.0
redis==8.1.0
sib-api-v3-sdk==7.6.0
cloudinary==1.46.2
django-cloudinary-storage==0.3.0
django-axes==8.3.1
bleach==6.4.0
openpyxl==3.1.5
requests==2.34.2
charset-normalizer==3.5.1
idna==3.19
urllib3==2.7.0
gunicorn==26.2.0
pillow==12.3.0
psycopg==3.3.4
pytz==2026.3.post1
asgiref==3.12.1
certifi==2026.7.22
cffi==2.1.1
click-didyoumean==0.3.1
click-plugins==1.1.1.2
click-repl==0.3.0
cssselect2==0.9.0
docopt==0.6.2
fonttools==4.63.0
brotli==1.2.0
kombu==5.6.2
amqp==5.3.1
prompt_toolkit==3.0.53
psycopg-binary==3.3.4
pydyf==0.12.1
pyphen==0.18.1
python-dateutil==2.9.0.post0
six==1.17.0
sqlparse==0.6.0
tinycss2==1.5.1
tinyhtml5==2.1.0
tzdata==2026.3
wcwidth==0.8.2
webencodings==0.6.1
zopfli==0.4.3
et_xmlfile==2.0.0
packaging==26.3
pycparser==3.0
tzlocal==5.4.4
